
Microsoft Visual Studio Solution File, Format Version 12.00
# Visual Studio Version 16
VisualStudioVersion = 16.0.31402.337
MinimumVisualStudioVersion = 10.0.40219.1
Project("{FAE04EC0-301F-11D3-BF4B-00C04F79EFBC}") = "QuanlySV", "QuanlySV\QuanlySV.csproj", "{213EE079-4056-4749-A70C-75DF340A99E0}"
EndProject
Project("{FAE04EC0-301F-11D3-BF4B-00C04F79EFBC}") = "BUS", "BUS\BUS.csproj", "{BD4FB7BF-4C61-49DA-8923-8C0397063A23}"
EndProject
Project("{FAE04EC0-301F-11D3-BF4B-00C04F79EFBC}") = "DAL", "DAL\DAL.csproj", "{58D4E832-9288-4B86-A61B-C78D07761EE9}"
EndProject
Global
	GlobalSection(SolutionConfigurationPlatforms) = preSolution
		Debug|Any CPU = Debug|Any CPU
		Release|Any CPU = Release|Any CPU
	EndGlobalSection
	GlobalSection(ProjectConfigurationPlatforms) = postSolution
		{213EE079-4056-4749-A70C-75DF340A99E0}.Debug|Any CPU.ActiveCfg = Debug|Any CPU
		{213EE079-4056-4749-A70C-75DF340A99E0}.Debug|Any CPU.Build.0 = Debug|Any CPU
		{213EE079-4056-4749-A70C-75DF340A99E0}.Release|Any CPU.ActiveCfg = Release|Any CPU
		{213EE079-4056-4749-A70C-75DF340A99E0}.Release|Any CPU.Build.0 = Release|Any CPU
		{BD4FB7BF-4C61-49DA-8923-8C0397063A23}.Debug|Any CPU.ActiveCfg = Debug|Any CPU
		{BD4FB7BF-4C61-49DA-8923-8C0397063A23}.Debug|Any CPU.Build.0 = Debug|Any CPU
		{BD4FB7BF-4C61-49DA-8923-8C0397063A23}.Release|Any CPU.ActiveCfg = Release|Any CPU
		{BD4FB7BF-4C61-49DA-8923-8C0397063A23}.Release|Any CPU.Build.0 = Release|Any CPU
		{58D4E832-9288-4B86-A61B-C78D07761EE9}.Debug|Any CPU.ActiveCfg = Debug|Any CPU
		{58D4E832-9288-4B86-A61B-C78D07761EE9}.Debug|Any CPU.Build.0 = Debug|Any CPU
		{58D4E832-9288-4B86-A61B-C78D07761EE9}.Release|Any CPU.ActiveCfg = Release|Any CPU
		{58D4E832-9288-4B86-A61B-C78D07761EE9}.Release|Any CPU.Build.0 = Release|Any CPU
	EndGlobalSection
	GlobalSection(SolutionProperties) = preSolution
		HideSolutionNode = FALSE
	EndGlobalSection
	GlobalSection(ExtensibilityGlobals) = postSolution
		SolutionGuid = {3A4B19BA-E0D8-4D54-93AA-3703AD3F0428}
	EndGlobalSection
EndGlobal
