
Microsoft Visual Studio Solution File, Format Version 12.00
# Visual Studio Version 16
VisualStudioVersion = 16.0.31402.337
MinimumVisualStudioVersion = 10.0.40219.1
Project("{FAE04EC0-301F-11D3-BF4B-00C04F79EFBC}") = "ADO", "ADO\ADO.csproj", "{5593EEC1-9349-478A-91E6-09F60FC41D02}"
EndProject
Project("{FAE04EC0-301F-11D3-BF4B-00C04F79EFBC}") = "BUS_ADO", "BUS_ADO\BUS_ADO.csproj", "{C7FF5A4D-58FA-4707-8F8C-7753A0C69D2E}"
EndProject
Project("{FAE04EC0-301F-11D3-BF4B-00C04F79EFBC}") = "DAL-ADO", "DAL-ADO\DAL-ADO.csproj", "{71775B94-2548-452A-8F92-F64D5805EE5F}"
EndProject
Global
	GlobalSection(SolutionConfigurationPlatforms) = preSolution
		Debug|Any CPU = Debug|Any CPU
		Release|Any CPU = Release|Any CPU
	EndGlobalSection
	GlobalSection(ProjectConfigurationPlatforms) = postSolution
		{5593EEC1-9349-478A-91E6-09F60FC41D02}.Debug|Any CPU.ActiveCfg = Debug|Any CPU
		{5593EEC1-9349-478A-91E6-09F60FC41D02}.Debug|Any CPU.Build.0 = Debug|Any CPU
		{5593EEC1-9349-478A-91E6-09F60FC41D02}.Release|Any CPU.ActiveCfg = Release|Any CPU
		{5593EEC1-9349-478A-91E6-09F60FC41D02}.Release|Any CPU.Build.0 = Release|Any CPU
		{C7FF5A4D-58FA-4707-8F8C-7753A0C69D2E}.Debug|Any CPU.ActiveCfg = Debug|Any CPU
		{C7FF5A4D-58FA-4707-8F8C-7753A0C69D2E}.Debug|Any CPU.Build.0 = Debug|Any CPU
		{C7FF5A4D-58FA-4707-8F8C-7753A0C69D2E}.Release|Any CPU.ActiveCfg = Release|Any CPU
		{C7FF5A4D-58FA-4707-8F8C-7753A0C69D2E}.Release|Any CPU.Build.0 = Release|Any CPU
		{71775B94-2548-452A-8F92-F64D5805EE5F}.Debug|Any CPU.ActiveCfg = Debug|Any CPU
		{71775B94-2548-452A-8F92-F64D5805EE5F}.Debug|Any CPU.Build.0 = Debug|Any CPU
		{71775B94-2548-452A-8F92-F64D5805EE5F}.Release|Any CPU.ActiveCfg = Release|Any CPU
		{71775B94-2548-452A-8F92-F64D5805EE5F}.Release|Any CPU.Build.0 = Release|Any CPU
	EndGlobalSection
	GlobalSection(SolutionProperties) = preSolution
		HideSolutionNode = FALSE
	EndGlobalSection
	GlobalSection(ExtensibilityGlobals) = postSolution
		SolutionGuid = {43738953-8B4D-4907-B7A4-8F515A675C0D}
	EndGlobalSection
EndGlobal
