
Microsoft Visual Studio Solution File, Format Version 12.00
# Visual Studio Version 16
VisualStudioVersion = 16.0.30523.141
MinimumVisualStudioVersion = 10.0.40219.1
Project("{FAE04EC0-301F-11D3-BF4B-00C04F79EFBC}") = "BT_Form_ADO", "BT_Form_ADO.csproj", "{9C51235C-20DA-435D-9416-63807EC26E38}"
EndProject
Global
	GlobalSection(SolutionConfigurationPlatforms) = preSolution
		Debug|Any CPU = Debug|Any CPU
		Release|Any CPU = Release|Any CPU
	EndGlobalSection
	GlobalSection(ProjectConfigurationPlatforms) = postSolution
		{9C51235C-20DA-435D-9416-63807EC26E38}.Debug|Any CPU.ActiveCfg = Debug|Any CPU
		{9C51235C-20DA-435D-9416-63807EC26E38}.Debug|Any CPU.Build.0 = Debug|Any CPU
		{9C51235C-20DA-435D-9416-63807EC26E38}.Release|Any CPU.ActiveCfg = Release|Any CPU
		{9C51235C-20DA-435D-9416-63807EC26E38}.Release|Any CPU.Build.0 = Release|Any CPU
	EndGlobalSection
	GlobalSection(SolutionProperties) = preSolution
		HideSolutionNode = FALSE
	EndGlobalSection
	GlobalSection(ExtensibilityGlobals) = postSolution
		SolutionGuid = {F18A76B1-97EB-4891-802F-09542632C081}
	EndGlobalSection
EndGlobal
