
Microsoft Visual Studio Solution File, Format Version 12.00
# Visual Studio Version 16
VisualStudioVersion = 16.0.30523.141
MinimumVisualStudioVersion = 10.0.40219.1
Project("{FAE04EC0-301F-11D3-BF4B-00C04F79EFBC}") = "BT_Form_ADO_BTL", "BT_Form_ADO_BTL.csproj", "{B31BCB65-C69F-4A26-B65E-2BAF6ABE2006}"
EndProject
Global
	GlobalSection(SolutionConfigurationPlatforms) = preSolution
		Debug|Any CPU = Debug|Any CPU
		Release|Any CPU = Release|Any CPU
	EndGlobalSection
	GlobalSection(ProjectConfigurationPlatforms) = postSolution
		{B31BCB65-C69F-4A26-B65E-2BAF6ABE2006}.Debug|Any CPU.ActiveCfg = Debug|Any CPU
		{B31BCB65-C69F-4A26-B65E-2BAF6ABE2006}.Debug|Any CPU.Build.0 = Debug|Any CPU
		{B31BCB65-C69F-4A26-B65E-2BAF6ABE2006}.Release|Any CPU.ActiveCfg = Release|Any CPU
		{B31BCB65-C69F-4A26-B65E-2BAF6ABE2006}.Release|Any CPU.Build.0 = Release|Any CPU
	EndGlobalSection
	GlobalSection(SolutionProperties) = preSolution
		HideSolutionNode = FALSE
	EndGlobalSection
	GlobalSection(ExtensibilityGlobals) = postSolution
		SolutionGuid = {60213B73-59E7-470A-9679-3AD9622D3719}
	EndGlobalSection
EndGlobal
