
Microsoft Visual Studio Solution File, Format Version 12.00
# Visual Studio Version 16
VisualStudioVersion = 16.0.31402.337
MinimumVisualStudioVersion = 10.0.40219.1
Project("{FAE04EC0-301F-11D3-BF4B-00C04F79EFBC}") = "De1", "De1\De1.csproj", "{4209F6FF-56C6-494C-9670-7755A2741199}"
EndProject
Project("{FAE04EC0-301F-11D3-BF4B-00C04F79EFBC}") = "BUS", "BUS\BUS.csproj", "{384FB690-2D4D-4809-AA81-32DD04182005}"
EndProject
Project("{FAE04EC0-301F-11D3-BF4B-00C04F79EFBC}") = "DAL", "DAL\DAL.csproj", "{196CFB50-6253-414B-A6E9-196AB69DD054}"
EndProject
Global
	GlobalSection(SolutionConfigurationPlatforms) = preSolution
		Debug|Any CPU = Debug|Any CPU
		Release|Any CPU = Release|Any CPU
	EndGlobalSection
	GlobalSection(ProjectConfigurationPlatforms) = postSolution
		{4209F6FF-56C6-494C-9670-7755A2741199}.Debug|Any CPU.ActiveCfg = Debug|Any CPU
		{4209F6FF-56C6-494C-9670-7755A2741199}.Debug|Any CPU.Build.0 = Debug|Any CPU
		{4209F6FF-56C6-494C-9670-7755A2741199}.Release|Any CPU.ActiveCfg = Release|Any CPU
		{4209F6FF-56C6-494C-9670-7755A2741199}.Release|Any CPU.Build.0 = Release|Any CPU
		{384FB690-2D4D-4809-AA81-32DD04182005}.Debug|Any CPU.ActiveCfg = Debug|Any CPU
		{384FB690-2D4D-4809-AA81-32DD04182005}.Debug|Any CPU.Build.0 = Debug|Any CPU
		{384FB690-2D4D-4809-AA81-32DD04182005}.Release|Any CPU.ActiveCfg = Release|Any CPU
		{384FB690-2D4D-4809-AA81-32DD04182005}.Release|Any CPU.Build.0 = Release|Any CPU
		{196CFB50-6253-414B-A6E9-196AB69DD054}.Debug|Any CPU.ActiveCfg = Debug|Any CPU
		{196CFB50-6253-414B-A6E9-196AB69DD054}.Debug|Any CPU.Build.0 = Debug|Any CPU
		{196CFB50-6253-414B-A6E9-196AB69DD054}.Release|Any CPU.ActiveCfg = Release|Any CPU
		{196CFB50-6253-414B-A6E9-196AB69DD054}.Release|Any CPU.Build.0 = Release|Any CPU
	EndGlobalSection
	GlobalSection(SolutionProperties) = preSolution
		HideSolutionNode = FALSE
	EndGlobalSection
	GlobalSection(ExtensibilityGlobals) = postSolution
		SolutionGuid = {46D594E0-ED73-44D7-B844-A9AF51901520}
	EndGlobalSection
EndGlobal
